
Microsoft Visual Studio Solution File, Format Version 12.00
# Visual Studio 15
VisualStudioVersion = 15.0.26730.10
MinimumVisualStudioVersion = 10.0.40219.1
Project("{8BC9CEB8-8B4A-11D0-8D11-00A0C91BC942}") = "exo1", "exo1\exo1.vcxproj", "{CB7A6336-28E4-499E-B87E-2FC3EF9BBA5B}"
EndProject
Project("{8BC9CEB8-8B4A-11D0-8D11-00A0C91BC942}") = "exo2", "exo2\exo2.vcxproj", "{862F7664-B6E9-41F6-9A3F-BE2CB8433160}"
EndProject
Global
	GlobalSection(SolutionConfigurationPlatforms) = preSolution
		Debug|x64 = Debug|x64
		Debug|x86 = Debug|x86
		Release|x64 = Release|x64
		Release|x86 = Release|x86
	EndGlobalSection
	GlobalSection(ProjectConfigurationPlatforms) = postSolution
		{CB7A6336-28E4-499E-B87E-2FC3EF9BBA5B}.Debug|x64.ActiveCfg = Debug|x64
		{CB7A6336-28E4-499E-B87E-2FC3EF9BBA5B}.Debug|x64.Build.0 = Debug|x64
		{CB7A6336-28E4-499E-B87E-2FC3EF9BBA5B}.Debug|x86.ActiveCfg = Debug|Win32
		{CB7A6336-28E4-499E-B87E-2FC3EF9BBA5B}.Debug|x86.Build.0 = Debug|Win32
		{CB7A6336-28E4-499E-B87E-2FC3EF9BBA5B}.Release|x64.ActiveCfg = Release|x64
		{CB7A6336-28E4-499E-B87E-2FC3EF9BBA5B}.Release|x64.Build.0 = Release|x64
		{CB7A6336-28E4-499E-B87E-2FC3EF9BBA5B}.Release|x86.ActiveCfg = Release|Win32
		{CB7A6336-28E4-499E-B87E-2FC3EF9BBA5B}.Release|x86.Build.0 = Release|Win32
		{862F7664-B6E9-41F6-9A3F-BE2CB8433160}.Debug|x64.ActiveCfg = Debug|x64
		{862F7664-B6E9-41F6-9A3F-BE2CB8433160}.Debug|x64.Build.0 = Debug|x64
		{862F7664-B6E9-41F6-9A3F-BE2CB8433160}.Debug|x86.ActiveCfg = Debug|Win32
		{862F7664-B6E9-41F6-9A3F-BE2CB8433160}.Debug|x86.Build.0 = Debug|Win32
		{862F7664-B6E9-41F6-9A3F-BE2CB8433160}.Release|x64.ActiveCfg = Release|x64
		{862F7664-B6E9-41F6-9A3F-BE2CB8433160}.Release|x64.Build.0 = Release|x64
		{862F7664-B6E9-41F6-9A3F-BE2CB8433160}.Release|x86.ActiveCfg = Release|Win32
		{862F7664-B6E9-41F6-9A3F-BE2CB8433160}.Release|x86.Build.0 = Release|Win32
	EndGlobalSection
	GlobalSection(SolutionProperties) = preSolution
		HideSolutionNode = FALSE
	EndGlobalSection
	GlobalSection(ExtensibilityGlobals) = postSolution
		SolutionGuid = {23BE6F86-E18D-49A4-A0B5-9BF4AB8DB996}
	EndGlobalSection
EndGlobal
